# generated by rye
# use `rye lock` or `rye sync` to update this lockfile
#
# last locked with the following flags:
#   pre: false
#   features: []
#   all-features: false

-e file:.
click==8.1.6
markdown-it-py==3.0.0
mdurl==0.1.2
pygments==2.16.1
rich==13.5.2
send2trash==1.8.2
tomlkit==0.12.1
typer==0.9.0
typing-extensions==4.7.1
